// !$*UTF8*$!
{
	archiveVersion = 1;
	classes = {
	};
	objectVersion = 56;
	objects = {

/* Begin PBXBuildFile section */
		ED1D3EDF2AA3CFC4004B4194 /* TabView.swift in Sources */ = {isa = PBXBuildFile; fileRef = ED1D3EDE2AA3CFC4004B4194 /* TabView.swift */; };
		ED1D3EE12AA49173004B4194 /* ImageCashViewModel.swift in Sources */ = {isa = PBXBuildFile; fileRef = ED1D3EE02AA49173004B4194 /* ImageCashViewModel.swift */; };
		ED1D3EE32AA491AD004B4194 /* ImageCashView.swift in Sources */ = {isa = PBXBuildFile; fileRef = ED1D3EE22AA491AD004B4194 /* ImageCashView.swift */; };
		ED1D3EE72AA4FE38004B4194 /* RoomBookingView.swift in Sources */ = {isa = PBXBuildFile; fileRef = ED1D3EE62AA4FE38004B4194 /* RoomBookingView.swift */; };
		ED1D3EEC2AA50129004B4194 /* HotelRoomDetailView.swift in Sources */ = {isa = PBXBuildFile; fileRef = ED1D3EEB2AA50129004B4194 /* HotelRoomDetailView.swift */; };
		ED1D3EEE2AA507E7004B4194 /* RoomBookingViewViewModel.swift in Sources */ = {isa = PBXBuildFile; fileRef = ED1D3EED2AA507E7004B4194 /* RoomBookingViewViewModel.swift */; };
		ED1D3EF02AA507FD004B4194 /* RoomBooking.swift in Sources */ = {isa = PBXBuildFile; fileRef = ED1D3EEF2AA507FD004B4194 /* RoomBooking.swift */; };
		ED1D3EF22AA64671004B4194 /* DetailColumnView.swift in Sources */ = {isa = PBXBuildFile; fileRef = ED1D3EF12AA64671004B4194 /* DetailColumnView.swift */; };
		ED1D3EF42AA646C2004B4194 /* RoomRatingView.swift in Sources */ = {isa = PBXBuildFile; fileRef = ED1D3EF32AA646C2004B4194 /* RoomRatingView.swift */; };
		EDA943392A9FE8A8003A7579 /* HotelReservationAppApp.swift in Sources */ = {isa = PBXBuildFile; fileRef = EDA943382A9FE8A8003A7579 /* HotelReservationAppApp.swift */; };
		EDA9433D2A9FE8AA003A7579 /* Assets.xcassets in Resources */ = {isa = PBXBuildFile; fileRef = EDA9433C2A9FE8AA003A7579 /* Assets.xcassets */; };
		EDA943402A9FE8AA003A7579 /* Preview Assets.xcassets in Resources */ = {isa = PBXBuildFile; fileRef = EDA9433F2A9FE8AA003A7579 /* Preview Assets.xcassets */; };
		EDA9434C2A9FEA1C003A7579 /* Room.swift in Sources */ = {isa = PBXBuildFile; fileRef = EDA9434B2A9FEA1C003A7579 /* Room.swift */; };
		EDA9434E2A9FEB4F003A7579 /* MainVIew.swift in Sources */ = {isa = PBXBuildFile; fileRef = EDA9434D2A9FEB4F003A7579 /* MainVIew.swift */; };
		EDA943532AA081C0003A7579 /* Extencions.swift in Sources */ = {isa = PBXBuildFile; fileRef = EDA943522AA081C0003A7579 /* Extencions.swift */; };
		EDA943552AA0A676003A7579 /* RatingCardVIew.swift in Sources */ = {isa = PBXBuildFile; fileRef = EDA943542AA0A676003A7579 /* RatingCardVIew.swift */; };
		EDA943572AA0A958003A7579 /* AboutHotelView.swift in Sources */ = {isa = PBXBuildFile; fileRef = EDA943562AA0A958003A7579 /* AboutHotelView.swift */; };
		EDA943592AA0A964003A7579 /* HotelDetailCard.swift in Sources */ = {isa = PBXBuildFile; fileRef = EDA943582AA0A964003A7579 /* HotelDetailCard.swift */; };
		EDA9435C2AA0C25C003A7579 /* ConditionsView.swift in Sources */ = {isa = PBXBuildFile; fileRef = EDA9435B2AA0C25C003A7579 /* ConditionsView.swift */; };
		EDA9435E2AA0C289003A7579 /* InclusionsView.swift in Sources */ = {isa = PBXBuildFile; fileRef = EDA9435D2AA0C289003A7579 /* InclusionsView.swift */; };
		EDA943602AA0C29E003A7579 /* NonInclusionView.swift in Sources */ = {isa = PBXBuildFile; fileRef = EDA9435F2AA0C29E003A7579 /* NonInclusionView.swift */; };
		EDA943622AA0C6F9003A7579 /* NavigationCardView.swift in Sources */ = {isa = PBXBuildFile; fileRef = EDA943612AA0C6F9003A7579 /* NavigationCardView.swift */; };
		EDA943642AA22D47003A7579 /* Hotel.swift in Sources */ = {isa = PBXBuildFile; fileRef = EDA943632AA22D47003A7579 /* Hotel.swift */; };
		EDA943662AA22FBE003A7579 /* MainViewViewModel.swift in Sources */ = {isa = PBXBuildFile; fileRef = EDA943652AA22FBE003A7579 /* MainViewViewModel.swift */; };
		EDA943692AA23C57003A7579 /* AlighnmentGridView.swift in Sources */ = {isa = PBXBuildFile; fileRef = EDA943682AA23C57003A7579 /* AlighnmentGridView.swift */; };
		EDA9436B2AA2499C003A7579 /* HotelDetailViewViewModel.swift in Sources */ = {isa = PBXBuildFile; fileRef = EDA9436A2AA2499C003A7579 /* HotelDetailViewViewModel.swift */; };
		EDA9436E2AA25980003A7579 /* HotelDetailView.swift in Sources */ = {isa = PBXBuildFile; fileRef = EDA9436D2AA25980003A7579 /* HotelDetailView.swift */; };
/* End PBXBuildFile section */

/* Begin PBXFileReference section */
		ED1D3EDE2AA3CFC4004B4194 /* TabView.swift */ = {isa = PBXFileReference; lastKnownFileType = sourcecode.swift; path = TabView.swift; sourceTree = "<group>"; };
		ED1D3EE02AA49173004B4194 /* ImageCashViewModel.swift */ = {isa = PBXFileReference; lastKnownFileType = sourcecode.swift; path = ImageCashViewModel.swift; sourceTree = "<group>"; };
		ED1D3EE22AA491AD004B4194 /* ImageCashView.swift */ = {isa = PBXFileReference; lastKnownFileType = sourcecode.swift; path = ImageCashView.swift; sourceTree = "<group>"; };
		ED1D3EE62AA4FE38004B4194 /* RoomBookingView.swift */ = {isa = PBXFileReference; lastKnownFileType = sourcecode.swift; path = RoomBookingView.swift; sourceTree = "<group>"; };
		ED1D3EEB2AA50129004B4194 /* HotelRoomDetailView.swift */ = {isa = PBXFileReference; lastKnownFileType = sourcecode.swift; path = HotelRoomDetailView.swift; sourceTree = "<group>"; };
		ED1D3EED2AA507E7004B4194 /* RoomBookingViewViewModel.swift */ = {isa = PBXFileReference; lastKnownFileType = sourcecode.swift; path = RoomBookingViewViewModel.swift; sourceTree = "<group>"; };
		ED1D3EEF2AA507FD004B4194 /* RoomBooking.swift */ = {isa = PBXFileReference; lastKnownFileType = sourcecode.swift; path = RoomBooking.swift; sourceTree = "<group>"; };
		ED1D3EF12AA64671004B4194 /* DetailColumnView.swift */ = {isa = PBXFileReference; lastKnownFileType = sourcecode.swift; path = DetailColumnView.swift; sourceTree = "<group>"; };
		ED1D3EF32AA646C2004B4194 /* RoomRatingView.swift */ = {isa = PBXFileReference; lastKnownFileType = sourcecode.swift; path = RoomRatingView.swift; sourceTree = "<group>"; };
		EDA943352A9FE8A8003A7579 /* HotelReservationApp.app */ = {isa = PBXFileReference; explicitFileType = wrapper.application; includeInIndex = 0; path = HotelReservationApp.app; sourceTree = BUILT_PRODUCTS_DIR; };
		EDA943382A9FE8A8003A7579 /* HotelReservationAppApp.swift */ = {isa = PBXFileReference; lastKnownFileType = sourcecode.swift; path = HotelReservationAppApp.swift; sourceTree = "<group>"; };
		EDA9433C2A9FE8AA003A7579 /* Assets.xcassets */ = {isa = PBXFileReference; lastKnownFileType = folder.assetcatalog; path = Assets.xcassets; sourceTree = "<group>"; };
		EDA9433F2A9FE8AA003A7579 /* Preview Assets.xcassets */ = {isa = PBXFileReference; lastKnownFileType = folder.assetcatalog; path = "Preview Assets.xcassets"; sourceTree = "<group>"; };
		EDA9434B2A9FEA1C003A7579 /* Room.swift */ = {isa = PBXFileReference; lastKnownFileType = sourcecode.swift; path = Room.swift; sourceTree = "<group>"; };
		EDA9434D2A9FEB4F003A7579 /* MainVIew.swift */ = {isa = PBXFileReference; lastKnownFileType = sourcecode.swift; path = MainVIew.swift; sourceTree = "<group>"; };
		EDA943522AA081C0003A7579 /* Extencions.swift */ = {isa = PBXFileReference; lastKnownFileType = sourcecode.swift; path = Extencions.swift; sourceTree = "<group>"; };
		EDA943542AA0A676003A7579 /* RatingCardVIew.swift */ = {isa = PBXFileReference; lastKnownFileType = sourcecode.swift; path = RatingCardVIew.swift; sourceTree = "<group>"; };
		EDA943562AA0A958003A7579 /* AboutHotelView.swift */ = {isa = PBXFileReference; lastKnownFileType = sourcecode.swift; path = AboutHotelView.swift; sourceTree = "<group>"; };
		EDA943582AA0A964003A7579 /* HotelDetailCard.swift */ = {isa = PBXFileReference; lastKnownFileType = sourcecode.swift; path = HotelDetailCard.swift; sourceTree = "<group>"; };
		EDA9435B2AA0C25C003A7579 /* ConditionsView.swift */ = {isa = PBXFileReference; lastKnownFileType = sourcecode.swift; path = ConditionsView.swift; sourceTree = "<group>"; };
		EDA9435D2AA0C289003A7579 /* InclusionsView.swift */ = {isa = PBXFileReference; lastKnownFileType = sourcecode.swift; path = InclusionsView.swift; sourceTree = "<group>"; };
		EDA9435F2AA0C29E003A7579 /* NonInclusionView.swift */ = {isa = PBXFileReference; lastKnownFileType = sourcecode.swift; path = NonInclusionView.swift; sourceTree = "<group>"; };
		EDA943612AA0C6F9003A7579 /* NavigationCardView.swift */ = {isa = PBXFileReference; lastKnownFileType = sourcecode.swift; path = NavigationCardView.swift; sourceTree = "<group>"; };
		EDA943632AA22D47003A7579 /* Hotel.swift */ = {isa = PBXFileReference; lastKnownFileType = sourcecode.swift; path = Hotel.swift; sourceTree = "<group>"; };
		EDA943652AA22FBE003A7579 /* MainViewViewModel.swift */ = {isa = PBXFileReference; lastKnownFileType = sourcecode.swift; path = MainViewViewModel.swift; sourceTree = "<group>"; };
		EDA943682AA23C57003A7579 /* AlighnmentGridView.swift */ = {isa = PBXFileReference; lastKnownFileType = sourcecode.swift; path = AlighnmentGridView.swift; sourceTree = "<group>"; };
		EDA9436A2AA2499C003A7579 /* HotelDetailViewViewModel.swift */ = {isa = PBXFileReference; lastKnownFileType = sourcecode.swift; path = HotelDetailViewViewModel.swift; sourceTree = "<group>"; };
		EDA9436D2AA25980003A7579 /* HotelDetailView.swift */ = {isa = PBXFileReference; lastKnownFileType = sourcecode.swift; path = HotelDetailView.swift; sourceTree = "<group>"; };
/* End PBXFileReference section */

/* Begin PBXFrameworksBuildPhase section */
		EDA943322A9FE8A8003A7579 /* Frameworks */ = {
			isa = PBXFrameworksBuildPhase;
			buildActionMask = 2147483647;
			files = (
			);
			runOnlyForDeploymentPostprocessing = 0;
		};
/* End PBXFrameworksBuildPhase section */

/* Begin PBXGroup section */
		ED1D3EE82AA50080004B4194 /* HotelMain */ = {
			isa = PBXGroup;
			children = (
				EDA9434D2A9FEB4F003A7579 /* MainVIew.swift */,
				EDA943582AA0A964003A7579 /* HotelDetailCard.swift */,
				EDA943612AA0C6F9003A7579 /* NavigationCardView.swift */,
				EDA943562AA0A958003A7579 /* AboutHotelView.swift */,
			);
			path = HotelMain;
			sourceTree = "<group>";
		};
		ED1D3EE92AA5008B004B4194 /* HotelDetail */ = {
			isa = PBXGroup;
			children = (
				EDA9436D2AA25980003A7579 /* HotelDetailView.swift */,
				ED1D3EEB2AA50129004B4194 /* HotelRoomDetailView.swift */,
			);
			path = HotelDetail;
			sourceTree = "<group>";
		};
		ED1D3EEA2AA50097004B4194 /* HotelRoom */ = {
			isa = PBXGroup;
			children = (
				ED1D3EE62AA4FE38004B4194 /* RoomBookingView.swift */,
				ED1D3EF12AA64671004B4194 /* DetailColumnView.swift */,
				ED1D3EF32AA646C2004B4194 /* RoomRatingView.swift */,
			);
			path = HotelRoom;
			sourceTree = "<group>";
		};
		EDA9432C2A9FE8A8003A7579 = {
			isa = PBXGroup;
			children = (
				EDA943372A9FE8A8003A7579 /* HotelReservationApp */,
				EDA943362A9FE8A8003A7579 /* Products */,
			);
			sourceTree = "<group>";
		};
		EDA943362A9FE8A8003A7579 /* Products */ = {
			isa = PBXGroup;
			children = (
				EDA943352A9FE8A8003A7579 /* HotelReservationApp.app */,
			);
			name = Products;
			sourceTree = "<group>";
		};
		EDA943372A9FE8A8003A7579 /* HotelReservationApp */ = {
			isa = PBXGroup;
			children = (
				EDA943492A9FE8C5003A7579 /* Resources */,
				EDA9434A2A9FE8CC003A7579 /* Managers */,
				EDA943482A9FE8BF003A7579 /* ViewModel */,
				EDA943472A9FE8B9003A7579 /* Model */,
				EDA943462A9FE8B3003A7579 /* VIew */,
				EDA9433E2A9FE8AA003A7579 /* Preview Content */,
			);
			path = HotelReservationApp;
			sourceTree = "<group>";
		};
		EDA9433E2A9FE8AA003A7579 /* Preview Content */ = {
			isa = PBXGroup;
			children = (
				EDA9433F2A9FE8AA003A7579 /* Preview Assets.xcassets */,
			);
			path = "Preview Content";
			sourceTree = "<group>";
		};
		EDA943462A9FE8B3003A7579 /* VIew */ = {
			isa = PBXGroup;
			children = (
				EDA9436C2AA2596B003A7579 /* Views */,
				EDA9435A2AA0C243003A7579 /* SubViews */,
				EDA943672AA23C13003A7579 /* Components */,
			);
			path = VIew;
			sourceTree = "<group>";
		};
		EDA943472A9FE8B9003A7579 /* Model */ = {
			isa = PBXGroup;
			children = (
				EDA9434B2A9FEA1C003A7579 /* Room.swift */,
				EDA943632AA22D47003A7579 /* Hotel.swift */,
				ED1D3EEF2AA507FD004B4194 /* RoomBooking.swift */,
			);
			path = Model;
			sourceTree = "<group>";
		};
		EDA943482A9FE8BF003A7579 /* ViewModel */ = {
			isa = PBXGroup;
			children = (
				EDA943652AA22FBE003A7579 /* MainViewViewModel.swift */,
				EDA9436A2AA2499C003A7579 /* HotelDetailViewViewModel.swift */,
				ED1D3EE02AA49173004B4194 /* ImageCashViewModel.swift */,
				ED1D3EED2AA507E7004B4194 /* RoomBookingViewViewModel.swift */,
			);
			path = ViewModel;
			sourceTree = "<group>";
		};
		EDA943492A9FE8C5003A7579 /* Resources */ = {
			isa = PBXGroup;
			children = (
				EDA943512AA081A3003A7579 /* Extencions */,
				EDA943382A9FE8A8003A7579 /* HotelReservationAppApp.swift */,
				EDA9433C2A9FE8AA003A7579 /* Assets.xcassets */,
			);
			path = Resources;
			sourceTree = "<group>";
		};
		EDA9434A2A9FE8CC003A7579 /* Managers */ = {
			isa = PBXGroup;
			children = (
			);
			path = Managers;
			sourceTree = "<group>";
		};
		EDA943512AA081A3003A7579 /* Extencions */ = {
			isa = PBXGroup;
			children = (
				EDA943522AA081C0003A7579 /* Extencions.swift */,
			);
			path = Extencions;
			sourceTree = "<group>";
		};
		EDA9435A2AA0C243003A7579 /* SubViews */ = {
			isa = PBXGroup;
			children = (
				EDA9435B2AA0C25C003A7579 /* ConditionsView.swift */,
				EDA9435D2AA0C289003A7579 /* InclusionsView.swift */,
				EDA9435F2AA0C29E003A7579 /* NonInclusionView.swift */,
			);
			path = SubViews;
			sourceTree = "<group>";
		};
		EDA943672AA23C13003A7579 /* Components */ = {
			isa = PBXGroup;
			children = (
				EDA943682AA23C57003A7579 /* AlighnmentGridView.swift */,
				EDA943542AA0A676003A7579 /* RatingCardVIew.swift */,
				ED1D3EDE2AA3CFC4004B4194 /* TabView.swift */,
				ED1D3EE22AA491AD004B4194 /* ImageCashView.swift */,
			);
			path = Components;
			sourceTree = "<group>";
		};
		EDA9436C2AA2596B003A7579 /* Views */ = {
			isa = PBXGroup;
			children = (
				ED1D3EE82AA50080004B4194 /* HotelMain */,
				ED1D3EE92AA5008B004B4194 /* HotelDetail */,
				ED1D3EEA2AA50097004B4194 /* HotelRoom */,
			);
			path = Views;
			sourceTree = "<group>";
		};
/* End PBXGroup section */

/* Begin PBXNativeTarget section */
		EDA943342A9FE8A8003A7579 /* HotelReservationApp */ = {
			isa = PBXNativeTarget;
			buildConfigurationList = EDA943432A9FE8AA003A7579 /* Build configuration list for PBXNativeTarget "HotelReservationApp" */;
			buildPhases = (
				EDA943312A9FE8A8003A7579 /* Sources */,
				EDA943322A9FE8A8003A7579 /* Frameworks */,
				EDA943332A9FE8A8003A7579 /* Resources */,
			);
			buildRules = (
			);
			dependencies = (
			);
			name = HotelReservationApp;
			productName = HotelReservationApp;
			productReference = EDA943352A9FE8A8003A7579 /* HotelReservationApp.app */;
			productType = "com.apple.product-type.application";
		};
/* End PBXNativeTarget section */

/* Begin PBXProject section */
		EDA9432D2A9FE8A8003A7579 /* Project object */ = {
			isa = PBXProject;
			attributes = {
				BuildIndependentTargetsInParallel = 1;
				LastSwiftUpdateCheck = 1430;
				LastUpgradeCheck = 1430;
				TargetAttributes = {
					EDA943342A9FE8A8003A7579 = {
						CreatedOnToolsVersion = 14.3.1;
					};
				};
			};
			buildConfigurationList = EDA943302A9FE8A8003A7579 /* Build configuration list for PBXProject "HotelReservationApp" */;
			compatibilityVersion = "Xcode 14.0";
			developmentRegion = en;
			hasScannedForEncodings = 0;
			knownRegions = (
				en,
				Base,
			);
			mainGroup = EDA9432C2A9FE8A8003A7579;
			productRefGroup = EDA943362A9FE8A8003A7579 /* Products */;
			projectDirPath = "";
			projectRoot = "";
			targets = (
				EDA943342A9FE8A8003A7579 /* HotelReservationApp */,
			);
		};
/* End PBXProject section */

/* Begin PBXResourcesBuildPhase section */
		EDA943332A9FE8A8003A7579 /* Resources */ = {
			isa = PBXResourcesBuildPhase;
			buildActionMask = 2147483647;
			files = (
				EDA943402A9FE8AA003A7579 /* Preview Assets.xcassets in Resources */,
				EDA9433D2A9FE8AA003A7579 /* Assets.xcassets in Resources */,
			);
			runOnlyForDeploymentPostprocessing = 0;
		};
/* End PBXResourcesBuildPhase section */

/* Begin PBXSourcesBuildPhase section */
		EDA943312A9FE8A8003A7579 /* Sources */ = {
			isa = PBXSourcesBuildPhase;
			buildActionMask = 2147483647;
			files = (
				EDA9434E2A9FEB4F003A7579 /* MainVIew.swift in Sources */,
				EDA943602AA0C29E003A7579 /* NonInclusionView.swift in Sources */,
				EDA943662AA22FBE003A7579 /* MainViewViewModel.swift in Sources */,
				EDA943692AA23C57003A7579 /* AlighnmentGridView.swift in Sources */,
				EDA943532AA081C0003A7579 /* Extencions.swift in Sources */,
				ED1D3EE72AA4FE38004B4194 /* RoomBookingView.swift in Sources */,
				EDA9436B2AA2499C003A7579 /* HotelDetailViewViewModel.swift in Sources */,
				EDA943392A9FE8A8003A7579 /* HotelReservationAppApp.swift in Sources */,
				ED1D3EEE2AA507E7004B4194 /* RoomBookingViewViewModel.swift in Sources */,
				ED1D3EF02AA507FD004B4194 /* RoomBooking.swift in Sources */,
				EDA9435E2AA0C289003A7579 /* InclusionsView.swift in Sources */,
				EDA943572AA0A958003A7579 /* AboutHotelView.swift in Sources */,
				EDA943642AA22D47003A7579 /* Hotel.swift in Sources */,
				ED1D3EF22AA64671004B4194 /* DetailColumnView.swift in Sources */,
				EDA9436E2AA25980003A7579 /* HotelDetailView.swift in Sources */,
				ED1D3EDF2AA3CFC4004B4194 /* TabView.swift in Sources */,
				EDA943622AA0C6F9003A7579 /* NavigationCardView.swift in Sources */,
				EDA9435C2AA0C25C003A7579 /* ConditionsView.swift in Sources */,
				ED1D3EF42AA646C2004B4194 /* RoomRatingView.swift in Sources */,
				EDA943552AA0A676003A7579 /* RatingCardVIew.swift in Sources */,
				ED1D3EE12AA49173004B4194 /* ImageCashViewModel.swift in Sources */,
				ED1D3EEC2AA50129004B4194 /* HotelRoomDetailView.swift in Sources */,
				ED1D3EE32AA491AD004B4194 /* ImageCashView.swift in Sources */,
				EDA9434C2A9FEA1C003A7579 /* Room.swift in Sources */,
				EDA943592AA0A964003A7579 /* HotelDetailCard.swift in Sources */,
			);
			runOnlyForDeploymentPostprocessing = 0;
		};
/* End PBXSourcesBuildPhase section */

/* Begin XCBuildConfiguration section */
		EDA943412A9FE8AA003A7579 /* Debug */ = {
			isa = XCBuildConfiguration;
			buildSettings = {
				ALWAYS_SEARCH_USER_PATHS = NO;
				CLANG_ANALYZER_NONNULL = YES;
				CLANG_ANALYZER_NUMBER_OBJECT_CONVERSION = YES_AGGRESSIVE;
				CLANG_CXX_LANGUAGE_STANDARD = "gnu++20";
				CLANG_ENABLE_MODULES = YES;
				CLANG_ENABLE_OBJC_ARC = YES;
				CLANG_ENABLE_OBJC_WEAK = YES;
				CLANG_WARN_BLOCK_CAPTURE_AUTORELEASING = YES;
				CLANG_WARN_BOOL_CONVERSION = YES;
				CLANG_WARN_COMMA = YES;
				CLANG_WARN_CONSTANT_CONVERSION = YES;
				CLANG_WARN_DEPRECATED_OBJC_IMPLEMENTATIONS = YES;
				CLANG_WARN_DIRECT_OBJC_ISA_USAGE = YES_ERROR;
				CLANG_WARN_DOCUMENTATION_COMMENTS = YES;
				CLANG_WARN_EMPTY_BODY = YES;
				CLANG_WARN_ENUM_CONVERSION = YES;
				CLANG_WARN_INFINITE_RECURSION = YES;
				CLANG_WARN_INT_CONVERSION = YES;
				CLANG_WARN_NON_LITERAL_NULL_CONVERSION = YES;
				CLANG_WARN_OBJC_IMPLICIT_RETAIN_SELF = YES;
				CLANG_WARN_OBJC_LITERAL_CONVERSION = YES;
				CLANG_WARN_OBJC_ROOT_CLASS = YES_ERROR;
				CLANG_WARN_QUOTED_INCLUDE_IN_FRAMEWORK_HEADER = YES;
				CLANG_WARN_RANGE_LOOP_ANALYSIS = YES;
				CLANG_WARN_STRICT_PROTOTYPES = YES;
				CLANG_WARN_SUSPICIOUS_MOVE = YES;
				CLANG_WARN_UNGUARDED_AVAILABILITY = YES_AGGRESSIVE;
				CLANG_WARN_UNREACHABLE_CODE = YES;
				CLANG_WARN__DUPLICATE_METHOD_MATCH = YES;
				COPY_PHASE_STRIP = NO;
				DEBUG_INFORMATION_FORMAT = dwarf;
				ENABLE_STRICT_OBJC_MSGSEND = YES;
				ENABLE_TESTABILITY = YES;
				GCC_C_LANGUAGE_STANDARD = gnu11;
				GCC_DYNAMIC_NO_PIC = NO;
				GCC_NO_COMMON_BLOCKS = YES;
				GCC_OPTIMIZATION_LEVEL = 0;
				GCC_PREPROCESSOR_DEFINITIONS = (
					"DEBUG=1",
					"$(inherited)",
				);
				GCC_WARN_64_TO_32_BIT_CONVERSION = YES;
				GCC_WARN_ABOUT_RETURN_TYPE = YES_ERROR;
				GCC_WARN_UNDECLARED_SELECTOR = YES;
				GCC_WARN_UNINITIALIZED_AUTOS = YES_AGGRESSIVE;
				GCC_WARN_UNUSED_FUNCTION = YES;
				GCC_WARN_UNUSED_VARIABLE = YES;
				IPHONEOS_DEPLOYMENT_TARGET = 16.4;
				MTL_ENABLE_DEBUG_INFO = INCLUDE_SOURCE;
				MTL_FAST_MATH = YES;
				ONLY_ACTIVE_ARCH = YES;
				SDKROOT = iphoneos;
				SWIFT_ACTIVE_COMPILATION_CONDITIONS = DEBUG;
				SWIFT_OPTIMIZATION_LEVEL = "-Onone";
			};
			name = Debug;
		};
		EDA943422A9FE8AA003A7579 /* Release */ = {
			isa = XCBuildConfiguration;
			buildSettings = {
				ALWAYS_SEARCH_USER_PATHS = NO;
				CLANG_ANALYZER_NONNULL = YES;
				CLANG_ANALYZER_NUMBER_OBJECT_CONVERSION = YES_AGGRESSIVE;
				CLANG_CXX_LANGUAGE_STANDARD = "gnu++20";
				CLANG_ENABLE_MODULES = YES;
				CLANG_ENABLE_OBJC_ARC = YES;
				CLANG_ENABLE_OBJC_WEAK = YES;
				CLANG_WARN_BLOCK_CAPTURE_AUTORELEASING = YES;
				CLANG_WARN_BOOL_CONVERSION = YES;
				CLANG_WARN_COMMA = YES;
				CLANG_WARN_CONSTANT_CONVERSION = YES;
				CLANG_WARN_DEPRECATED_OBJC_IMPLEMENTATIONS = YES;
				CLANG_WARN_DIRECT_OBJC_ISA_USAGE = YES_ERROR;
				CLANG_WARN_DOCUMENTATION_COMMENTS = YES;
				CLANG_WARN_EMPTY_BODY = YES;
				CLANG_WARN_ENUM_CONVERSION = YES;
				CLANG_WARN_INFINITE_RECURSION = YES;
				CLANG_WARN_INT_CONVERSION = YES;
				CLANG_WARN_NON_LITERAL_NULL_CONVERSION = YES;
				CLANG_WARN_OBJC_IMPLICIT_RETAIN_SELF = YES;
				CLANG_WARN_OBJC_LITERAL_CONVERSION = YES;
				CLANG_WARN_OBJC_ROOT_CLASS = YES_ERROR;
				CLANG_WARN_QUOTED_INCLUDE_IN_FRAMEWORK_HEADER = YES;
				CLANG_WARN_RANGE_LOOP_ANALYSIS = YES;
				CLANG_WARN_STRICT_PROTOTYPES = YES;
				CLANG_WARN_SUSPICIOUS_MOVE = YES;
				CLANG_WARN_UNGUARDED_AVAILABILITY = YES_AGGRESSIVE;
				CLANG_WARN_UNREACHABLE_CODE = YES;
				CLANG_WARN__DUPLICATE_METHOD_MATCH = YES;
				COPY_PHASE_STRIP = NO;
				DEBUG_INFORMATION_FORMAT = "dwarf-with-dsym";
				ENABLE_NS_ASSERTIONS = NO;
				ENABLE_STRICT_OBJC_MSGSEND = YES;
				GCC_C_LANGUAGE_STANDARD = gnu11;
				GCC_NO_COMMON_BLOCKS = YES;
				GCC_WARN_64_TO_32_BIT_CONVERSION = YES;
				GCC_WARN_ABOUT_RETURN_TYPE = YES_ERROR;
				GCC_WARN_UNDECLARED_SELECTOR = YES;
				GCC_WARN_UNINITIALIZED_AUTOS = YES_AGGRESSIVE;
				GCC_WARN_UNUSED_FUNCTION = YES;
				GCC_WARN_UNUSED_VARIABLE = YES;
				IPHONEOS_DEPLOYMENT_TARGET = 16.4;
				MTL_ENABLE_DEBUG_INFO = NO;
				MTL_FAST_MATH = YES;
				SDKROOT = iphoneos;
				SWIFT_COMPILATION_MODE = wholemodule;
				SWIFT_OPTIMIZATION_LEVEL = "-O";
				VALIDATE_PRODUCT = YES;
			};
			name = Release;
		};
		EDA943442A9FE8AA003A7579 /* Debug */ = {
			isa = XCBuildConfiguration;
			buildSettings = {
				ASSETCATALOG_COMPILER_APPICON_NAME = AppIcon;
				ASSETCATALOG_COMPILER_GLOBAL_ACCENT_COLOR_NAME = AccentColor;
				CODE_SIGN_STYLE = Automatic;
				CURRENT_PROJECT_VERSION = 1;
				DEVELOPMENT_ASSET_PATHS = "\"HotelReservationApp/Preview Content\"";
				DEVELOPMENT_TEAM = 733XWR5Y23;
				ENABLE_PREVIEWS = YES;
				GENERATE_INFOPLIST_FILE = YES;
				INFOPLIST_KEY_UIApplicationSceneManifest_Generation = YES;
				INFOPLIST_KEY_UIApplicationSupportsIndirectInputEvents = YES;
				INFOPLIST_KEY_UILaunchScreen_Generation = YES;
				INFOPLIST_KEY_UISupportedInterfaceOrientations_iPad = "UIInterfaceOrientationPortrait UIInterfaceOrientationPortraitUpsideDown UIInterfaceOrientationLandscapeLeft UIInterfaceOrientationLandscapeRight";
				INFOPLIST_KEY_UISupportedInterfaceOrientations_iPhone = "UIInterfaceOrientationPortrait UIInterfaceOrientationLandscapeLeft UIInterfaceOrientationLandscapeRight";
				LD_RUNPATH_SEARCH_PATHS = (
					"$(inherited)",
					"@executable_path/Frameworks",
				);
				MARKETING_VERSION = 1.0;
				PRODUCT_BUNDLE_IDENTIFIER = com.aclinaev.HotelReservationApp;
				PRODUCT_NAME = "$(TARGET_NAME)";
				SWIFT_EMIT_LOC_STRINGS = YES;
				SWIFT_VERSION = 5.0;
				TARGETED_DEVICE_FAMILY = "1,2";
			};
			name = Debug;
		};
		EDA943452A9FE8AA003A7579 /* Release */ = {
			isa = XCBuildConfiguration;
			buildSettings = {
				ASSETCATALOG_COMPILER_APPICON_NAME = AppIcon;
				ASSETCATALOG_COMPILER_GLOBAL_ACCENT_COLOR_NAME = AccentColor;
				CODE_SIGN_STYLE = Automatic;
				CURRENT_PROJECT_VERSION = 1;
				DEVELOPMENT_ASSET_PATHS = "\"HotelReservationApp/Preview Content\"";
				DEVELOPMENT_TEAM = 733XWR5Y23;
				ENABLE_PREVIEWS = YES;
				GENERATE_INFOPLIST_FILE = YES;
				INFOPLIST_KEY_UIApplicationSceneManifest_Generation = YES;
				INFOPLIST_KEY_UIApplicationSupportsIndirectInputEvents = YES;
				INFOPLIST_KEY_UILaunchScreen_Generation = YES;
				INFOPLIST_KEY_UISupportedInterfaceOrientations_iPad = "UIInterfaceOrientationPortrait UIInterfaceOrientationPortraitUpsideDown UIInterfaceOrientationLandscapeLeft UIInterfaceOrientationLandscapeRight";
				INFOPLIST_KEY_UISupportedInterfaceOrientations_iPhone = "UIInterfaceOrientationPortrait UIInterfaceOrientationLandscapeLeft UIInterfaceOrientationLandscapeRight";
				LD_RUNPATH_SEARCH_PATHS = (
					"$(inherited)",
					"@executable_path/Frameworks",
				);
				MARKETING_VERSION = 1.0;
				PRODUCT_BUNDLE_IDENTIFIER = com.aclinaev.HotelReservationApp;
				PRODUCT_NAME = "$(TARGET_NAME)";
				SWIFT_EMIT_LOC_STRINGS = YES;
				SWIFT_VERSION = 5.0;
				TARGETED_DEVICE_FAMILY = "1,2";
			};
			name = Release;
		};
/* End XCBuildConfiguration section */

/* Begin XCConfigurationList section */
		EDA943302A9FE8A8003A7579 /* Build configuration list for PBXProject "HotelReservationApp" */ = {
			isa = XCConfigurationList;
			buildConfigurations = (
				EDA943412A9FE8AA003A7579 /* Debug */,
				EDA943422A9FE8AA003A7579 /* Release */,
			);
			defaultConfigurationIsVisible = 0;
			defaultConfigurationName = Release;
		};
		EDA943432A9FE8AA003A7579 /* Build configuration list for PBXNativeTarget "HotelReservationApp" */ = {
			isa = XCConfigurationList;
			buildConfigurations = (
				EDA943442A9FE8AA003A7579 /* Debug */,
				EDA943452A9FE8AA003A7579 /* Release */,
			);
			defaultConfigurationIsVisible = 0;
			defaultConfigurationName = Release;
		};
/* End XCConfigurationList section */
	};
	rootObject = EDA9432D2A9FE8A8003A7579 /* Project object */;
}
